PODS:
  - Cartography (3.1.0)
  - Crashlytics (3.12.0):
    - Fabric (~> 1.9.0)
  - EFQRCode (4.4.2):
    - swift_qrcodejs (~> 1.0.1)
  - Fabric (1.9.0)
  - M13Checkbox (3.3.2)
  - ReactiveCocoa (8.0.2):
    - ReactiveSwift (~> 4.0)
  - ReactiveSwift (4.0.0):
    - Result (~> 4.0)
  - Realm (3.20.0):
    - Realm/Headers (= 3.20.0)
  - Realm/Headers (3.20.0)
  - RealmSwift (3.20.0):
    - Realm (= 3.20.0)
  - Result (4.1.0)
  - swift_qrcodejs (1.0.1)
  - SwiftWebSocket (2.7.0)

DEPENDENCIES:
  - Cartography
  - Crashlytics
  - EFQRCode
  - Fabric
  - M13Checkbox
  - ReactiveCocoa
  - ReactiveSwift
  - RealmSwift (~> 3.20.0)
  - SwiftWebSocket

SPEC REPOS:
  https://github.com/CocoaPods/Specs.git:
    - Cartography
    - Crashlytics
    - EFQRCode
    - Fabric
    - M13Checkbox
    - ReactiveCocoa
    - ReactiveSwift
    - Realm
    - RealmSwift
    - Result
    - swift_qrcodejs
    - SwiftWebSocket

SPEC CHECKSUMS:
  Cartography: 1988b7578871a56c036e7af17195cb2190edf18c
  Crashlytics: 07fb167b1694128c1c9a5a5cc319b0e9c3ca0933
  EFQRCode: e65a9eb6c7137ed6db4cfce37f0cee47938e44f0
  Fabric: f988e33c97f08930a413e08123064d2e5f68d655
  M13Checkbox: d75dca81d61c9903e7f091f32b35a3254bc97dce
  ReactiveCocoa: fbd26e9ba60e98417ee47433e59465a98ed9da0f
  ReactiveSwift: a2bb9ace428a109e9c0209615645d9d286c8c433
  Realm: 8b2ca5bc6479a91f379b6b42b5922e396cd5ba5a
  RealmSwift: 1949ef26a279e1845bd51d591b9103adfcd121df
  Result: bd966fac789cc6c1563440b348ab2598cc24d5c7
  swift_qrcodejs: c181fe5c849d30c699546a23762d7e3dd143ab37
  SwiftWebSocket: 612c9729fd503cb6b0b8b45390c788686dac306f

PODFILE CHECKSUM: aa22889c7c8591d280152c5539522325752cf00b

COCOAPODS: 1.8.4
