PODS:
  - Cartography (2.1.0)
  - Crashlytics (3.9.3):
    - Fabric (~> 1.7.2)
  - EFQRCode (4.1.0)
  - Fabric (1.7.2)
  - ReactiveCocoa (7.0.1):
    - ReactiveSwift (~> 3.0)
  - ReactiveSwift (3.1.0):
    - Result (~> 3.2)
  - Realm (3.3.0):
    - Realm/Headers (= 3.3.0)
  - Realm/Headers (3.3.0)
  - RealmSwift (3.3.0):
    - Realm (= 3.3.0)
  - Result (3.2.4)
  - SwiftWebSocket (2.6.5)

DEPENDENCIES:
  - Cartography (~> 2.1.0)
  - Crashlytics
  - EFQRCode (~> 4.1.0)
  - Fabric
  - ReactiveCocoa (~> 7.0.1)
  - ReactiveSwift (~> 3.0)
  - RealmSwift (~> 3.3.0)
  - SwiftWebSocket

SPEC CHECKSUMS:
  Cartography: 19c2223a8dfed35d82b098d365213b7ceb25ab2b
  Crashlytics: dbb07d01876c171c5ccbdf7826410380189e452c
  EFQRCode: f644c667b632a47bd0256e568418d9fc75dfce19
  Fabric: 9cd6a848efcf1b8b07497e0b6a2e7d336353ba15
  ReactiveCocoa: a1b5d502d0d1534f9a72981a485b297b17127f83
  ReactiveSwift: 5b26d2e988fe0eed2daf48c4054d1de74db50184
  Realm: 7d74ad6c5020432f58fe5e1df90bb6d97b2c7fef
  RealmSwift: b2fa31a09c22e246026766557405505eeaad2b01
  Result: d2d07204ce72856f1fd9130bbe42c35a7b0fea10
  SwiftWebSocket: 1ef8a0efb023544643bdf480c1ec4a62b204f293

PODFILE CHECKSUM: 6521ccc8e310453d1730eb28c465b0eb52582009

COCOAPODS: 1.4.0
